
Microsoft Visual Studio Solution File, Format Version 12.00
# Visual Studio Version 17
VisualStudioVersion = 17.11.35208.52
MinimumVisualStudioVersion = 10.0.40219.1
Project("{FAE04EC0-301F-11D3-BF4B-00C04F79EFBC}") = "EJERCICIO1WINDOWSFORM", "EJERCICIO1WINDOWSFORM\EJERCICIO1WINDOWSFORM.csproj", "{6DCF84EB-B1C2-4330-A777-0C9D21AF8D0D}"
EndProject
Global
	GlobalSection(SolutionConfigurationPlatforms) = preSolution
		Debug|Any CPU = Debug|Any CPU
		Release|Any CPU = Release|Any CPU
	EndGlobalSection
	GlobalSection(ProjectConfigurationPlatforms) = postSolution
		{6DCF84EB-B1C2-4330-A777-0C9D21AF8D0D}.Debug|Any CPU.ActiveCfg = Debug|Any CPU
		{6DCF84EB-B1C2-4330-A777-0C9D21AF8D0D}.Debug|Any CPU.Build.0 = Debug|Any CPU
		{6DCF84EB-B1C2-4330-A777-0C9D21AF8D0D}.Release|Any CPU.ActiveCfg = Release|Any CPU
		{6DCF84EB-B1C2-4330-A777-0C9D21AF8D0D}.Release|Any CPU.Build.0 = Release|Any CPU
	EndGlobalSection
	GlobalSection(SolutionProperties) = preSolution
		HideSolutionNode = FALSE
	EndGlobalSection
	GlobalSection(ExtensibilityGlobals) = postSolution
		SolutionGuid = {15785803-DB24-4FF3-A8D3-D09F39EC48A6}
	EndGlobalSection
EndGlobal
